
Microsoft Visual Studio Solution File, Format Version 12.00
# Visual Studio Version 16
VisualStudioVersion = 16.0.31729.503
MinimumVisualStudioVersion = 10.0.40219.1
Project("{FAE04EC0-301F-11D3-BF4B-00C04F79EFBC}") = "DockerTestApi", "DockerTestApi.csproj", "{E7902394-A6F7-49B5-BD03-81BDBC054297}"
EndProject
Global
	GlobalSection(SolutionConfigurationPlatforms) = preSolution
		Debug|Any CPU = Debug|Any CPU
		Release|Any CPU = Release|Any CPU
	EndGlobalSection
	GlobalSection(ProjectConfigurationPlatforms) = postSolution
		{E7902394-A6F7-49B5-BD03-81BDBC054297}.Debug|Any CPU.ActiveCfg = Debug|Any CPU
		{E7902394-A6F7-49B5-BD03-81BDBC054297}.Debug|Any CPU.Build.0 = Debug|Any CPU
		{E7902394-A6F7-49B5-BD03-81BDBC054297}.Release|Any CPU.ActiveCfg = Release|Any CPU
		{E7902394-A6F7-49B5-BD03-81BDBC054297}.Release|Any CPU.Build.0 = Release|Any CPU
	EndGlobalSection
	GlobalSection(SolutionProperties) = preSolution
		HideSolutionNode = FALSE
	EndGlobalSection
	GlobalSection(ExtensibilityGlobals) = postSolution
		SolutionGuid = {217E5680-F161-4758-A3DD-1DF53E52BE66}
	EndGlobalSection
EndGlobal
